
Microsoft Visual Studio Solution File, Format Version 12.00
# Visual Studio Version 16
VisualStudioVersion = 16.0.31424.327
MinimumVisualStudioVersion = 10.0.40219.1
Project("{8BC9CEB8-8B4A-11D0-8D11-00A0C91BC942}") = "KosenProcon32", "KosenProcon32.vcxproj", "{6C4A5648-CF02-4135-848D-89FC3861D93C}"
EndProject
Global
	GlobalSection(SolutionConfigurationPlatforms) = preSolution
		Debug|x64 = Debug|x64
		Release|x64 = Release|x64
	EndGlobalSection
	GlobalSection(ProjectConfigurationPlatforms) = postSolution
		{6C4A5648-CF02-4135-848D-89FC3861D93C}.Debug|x64.ActiveCfg = Debug|x64
		{6C4A5648-CF02-4135-848D-89FC3861D93C}.Debug|x64.Build.0 = Debug|x64
		{6C4A5648-CF02-4135-848D-89FC3861D93C}.Release|x64.ActiveCfg = Release|x64
		{6C4A5648-CF02-4135-848D-89FC3861D93C}.Release|x64.Build.0 = Release|x64
	EndGlobalSection
	GlobalSection(SolutionProperties) = preSolution
		HideSolutionNode = FALSE
	EndGlobalSection
	GlobalSection(ExtensibilityGlobals) = postSolution
		SolutionGuid = {524980BD-F42F-4227-A0D5-39F8818F4D5D}
	EndGlobalSection
EndGlobal
