
Microsoft Visual Studio Solution File, Format Version 12.00
# Visual Studio Version 16
VisualStudioVersion = 16.0.31613.86
MinimumVisualStudioVersion = 10.0.40219.1
Project("{8BC9CEB8-8B4A-11D0-8D11-00A0C91BC942}") = "KosenProcon32", "KosenProcon32.vcxproj", "{965B0D43-25E5-443D-95A4-509FC87A6171}"
EndProject
Global
	GlobalSection(SolutionConfigurationPlatforms) = preSolution
		Debug|x64 = Debug|x64
		Release|x64 = Release|x64
	EndGlobalSection
	GlobalSection(ProjectConfigurationPlatforms) = postSolution
		{965B0D43-25E5-443D-95A4-509FC87A6171}.Debug|x64.ActiveCfg = Debug|x64
		{965B0D43-25E5-443D-95A4-509FC87A6171}.Debug|x64.Build.0 = Debug|x64
		{965B0D43-25E5-443D-95A4-509FC87A6171}.Release|x64.ActiveCfg = Release|x64
		{965B0D43-25E5-443D-95A4-509FC87A6171}.Release|x64.Build.0 = Release|x64
	EndGlobalSection
	GlobalSection(SolutionProperties) = preSolution
		HideSolutionNode = FALSE
	EndGlobalSection
	GlobalSection(ExtensibilityGlobals) = postSolution
		SolutionGuid = {789744AB-B6A4-447F-B1CA-0F103A9A9428}
	EndGlobalSection
EndGlobal
